
Microsoft Visual Studio Solution File, Format Version 12.00
# Visual Studio Version 17
VisualStudioVersion = 17.0.31903.59
MinimumVisualStudioVersion = 10.0.40219.1
Project("{2150E333-8FDC-42A3-9474-1A3956D46DE8}") = "src", "src", "{827E0CD3-B72D-47B6-A68D-7590B98EB39B}"
EndProject
Project("{2150E333-8FDC-42A3-9474-1A3956D46DE8}") = "tests", "tests", "{B1F2E3D4-5A6B-7C8D-9E0F-1A2B3C4D5E6F}"
EndProject
Project("{FAE04EC0-301F-11D3-BF4B-00C04F79EFBC}") = "FamilyAssistant", "src\FamilyAssistant\FamilyAssistant.csproj", "{A52A200A-696F-406C-B578-11639CB59F23}"
EndProject
Project("{FAE04EC0-301F-11D3-BF4B-00C04F79EFBC}") = "FamilyAssistant.Tests", "tests\FamilyAssistant.Tests\FamilyAssistant.Tests.csproj", "{D7E8F9A0-1B2C-3D4E-5F6A-7B8C9D0E1F2A}"
EndProject
Global
	GlobalSection(SolutionConfigurationPlatforms) = preSolution
		Debug|Any CPU = Debug|Any CPU
		Debug|x64 = Debug|x64
		Debug|x86 = Debug|x86
		Release|Any CPU = Release|Any CPU
		Release|x64 = Release|x64
		Release|x86 = Release|x86
	EndGlobalSection
	GlobalSection(ProjectConfigurationPlatforms) = postSolution
		{A52A200A-696F-406C-B578-11639CB59F23}.Debug|Any CPU.ActiveCfg = Debug|Any CPU
		{A52A200A-696F-406C-B578-11639CB59F23}.Debug|Any CPU.Build.0 = Debug|Any CPU
		{A52A200A-696F-406C-B578-11639CB59F23}.Debug|x64.ActiveCfg = Debug|Any CPU
		{A52A200A-696F-406C-B578-11639CB59F23}.Debug|x64.Build.0 = Debug|Any CPU
		{A52A200A-696F-406C-B578-11639CB59F23}.Debug|x86.ActiveCfg = Debug|Any CPU
		{A52A200A-696F-406C-B578-11639CB59F23}.Debug|x86.Build.0 = Debug|Any CPU
		{A52A200A-696F-406C-B578-11639CB59F23}.Release|Any CPU.ActiveCfg = Release|Any CPU
		{A52A200A-696F-406C-B578-11639CB59F23}.Release|Any CPU.Build.0 = Release|Any CPU
		{A52A200A-696F-406C-B578-11639CB59F23}.Release|x64.ActiveCfg = Release|Any CPU
		{A52A200A-696F-406C-B578-11639CB59F23}.Release|x64.Build.0 = Release|Any CPU
		{A52A200A-696F-406C-B578-11639CB59F23}.Release|x86.ActiveCfg = Release|Any CPU
		{A52A200A-696F-406C-B578-11639CB59F23}.Release|x86.Build.0 = Release|Any CPU
		{D7E8F9A0-1B2C-3D4E-5F6A-7B8C9D0E1F2A}.Debug|Any CPU.ActiveCfg = Debug|Any CPU
		{D7E8F9A0-1B2C-3D4E-5F6A-7B8C9D0E1F2A}.Debug|Any CPU.Build.0 = Debug|Any CPU
		{D7E8F9A0-1B2C-3D4E-5F6A-7B8C9D0E1F2A}.Debug|x64.ActiveCfg = Debug|Any CPU
		{D7E8F9A0-1B2C-3D4E-5F6A-7B8C9D0E1F2A}.Debug|x64.Build.0 = Debug|Any CPU
		{D7E8F9A0-1B2C-3D4E-5F6A-7B8C9D0E1F2A}.Debug|x86.ActiveCfg = Debug|Any CPU
		{D7E8F9A0-1B2C-3D4E-5F6A-7B8C9D0E1F2A}.Debug|x86.Build.0 = Debug|Any CPU
		{D7E8F9A0-1B2C-3D4E-5F6A-7B8C9D0E1F2A}.Release|Any CPU.ActiveCfg = Release|Any CPU
		{D7E8F9A0-1B2C-3D4E-5F6A-7B8C9D0E1F2A}.Release|Any CPU.Build.0 = Release|Any CPU
		{D7E8F9A0-1B2C-3D4E-5F6A-7B8C9D0E1F2A}.Release|x64.ActiveCfg = Release|Any CPU
		{D7E8F9A0-1B2C-3D4E-5F6A-7B8C9D0E1F2A}.Release|x64.Build.0 = Release|Any CPU
		{D7E8F9A0-1B2C-3D4E-5F6A-7B8C9D0E1F2A}.Release|x86.ActiveCfg = Release|Any CPU
		{D7E8F9A0-1B2C-3D4E-5F6A-7B8C9D0E1F2A}.Release|x86.Build.0 = Release|Any CPU
	EndGlobalSection
	GlobalSection(SolutionProperties) = preSolution
		HideSolutionNode = FALSE
	EndGlobalSection
	GlobalSection(NestedProjects) = preSolution
		{A52A200A-696F-406C-B578-11639CB59F23} = {827E0CD3-B72D-47B6-A68D-7590B98EB39B}
		{D7E8F9A0-1B2C-3D4E-5F6A-7B8C9D0E1F2A} = {B1F2E3D4-5A6B-7C8D-9E0F-1A2B3C4D5E6F}
	EndGlobalSection
EndGlobal
